
Microsoft Visual Studio Solution File, Format Version 12.00
# Visual Studio Version 16
VisualStudioVersion = 16.0.30517.126
MinimumVisualStudioVersion = 10.0.40219.1
Project("{888888A0-9F3D-457C-B088-3A5042F75D52}") = "parameters_by_segment_csv", "parameters_by_segment_csv.pyproj", "{FE1E2B1A-E6D1-403C-8077-0A34E16AD0C0}"
EndProject
Global
	GlobalSection(SolutionConfigurationPlatforms) = preSolution
		Debug|Any CPU = Debug|Any CPU
		Release|Any CPU = Release|Any CPU
	EndGlobalSection
	GlobalSection(ProjectConfigurationPlatforms) = postSolution
		{FE1E2B1A-E6D1-403C-8077-0A34E16AD0C0}.Debug|Any CPU.ActiveCfg = Debug|Any CPU
		{FE1E2B1A-E6D1-403C-8077-0A34E16AD0C0}.Release|Any CPU.ActiveCfg = Release|Any CPU
	EndGlobalSection
	GlobalSection(SolutionProperties) = preSolution
		HideSolutionNode = FALSE
	EndGlobalSection
	GlobalSection(ExtensibilityGlobals) = postSolution
		SolutionGuid = {9411A61B-EB74-420F-BCA2-0A5C43CCCFB2}
	EndGlobalSection
EndGlobal
